
Microsoft Visual Studio Solution File, Format Version 12.00
# Visual Studio 15
VisualStudioVersion = 15.0.26730.12
MinimumVisualStudioVersion = 10.0.40219.1
Project("{FAE04EC0-301F-11D3-BF4B-00C04F79EFBC}") = "BubbleSort", "BubbleSort\BubbleSort.csproj", "{B088BE2C-A239-4856-93B7-89F37D0C2001}"
EndProject
Project("{FAE04EC0-301F-11D3-BF4B-00C04F79EFBC}") = "SelectionSort", "SelectionSort\SelectionSort.csproj", "{8F4E1567-0548-48F8-A86C-2B7C498E7CC1}"
EndProject
Project("{FAE04EC0-301F-11D3-BF4B-00C04F79EFBC}") = "InsertionSort", "InsertionSort\InsertionSort.csproj", "{D611D4BC-7831-438C-9026-55D3A2288229}"
EndProject
Project("{FAE04EC0-301F-11D3-BF4B-00C04F79EFBC}") = "MergeSort", "MergeSort\MergeSort.csproj", "{0990604E-88AA-41AB-9988-BC06045410E6}"
EndProject
Project("{FAE04EC0-301F-11D3-BF4B-00C04F79EFBC}") = "QuickSort", "QuickSort\QuickSort.csproj", "{F078333C-F339-4452-A7A5-11A8659E9816}"
EndProject
Global
	GlobalSection(SolutionConfigurationPlatforms) = preSolution
		Debug|Any CPU = Debug|Any CPU
		Release|Any CPU = Release|Any CPU
	EndGlobalSection
	GlobalSection(ProjectConfigurationPlatforms) = postSolution
		{B088BE2C-A239-4856-93B7-89F37D0C2001}.Debug|Any CPU.ActiveCfg = Debug|Any CPU
		{B088BE2C-A239-4856-93B7-89F37D0C2001}.Debug|Any CPU.Build.0 = Debug|Any CPU
		{B088BE2C-A239-4856-93B7-89F37D0C2001}.Release|Any CPU.ActiveCfg = Release|Any CPU
		{B088BE2C-A239-4856-93B7-89F37D0C2001}.Release|Any CPU.Build.0 = Release|Any CPU
		{8F4E1567-0548-48F8-A86C-2B7C498E7CC1}.Debug|Any CPU.ActiveCfg = Debug|Any CPU
		{8F4E1567-0548-48F8-A86C-2B7C498E7CC1}.Debug|Any CPU.Build.0 = Debug|Any CPU
		{8F4E1567-0548-48F8-A86C-2B7C498E7CC1}.Release|Any CPU.ActiveCfg = Release|Any CPU
		{8F4E1567-0548-48F8-A86C-2B7C498E7CC1}.Release|Any CPU.Build.0 = Release|Any CPU
		{D611D4BC-7831-438C-9026-55D3A2288229}.Debug|Any CPU.ActiveCfg = Debug|Any CPU
		{D611D4BC-7831-438C-9026-55D3A2288229}.Debug|Any CPU.Build.0 = Debug|Any CPU
		{D611D4BC-7831-438C-9026-55D3A2288229}.Release|Any CPU.ActiveCfg = Release|Any CPU
		{D611D4BC-7831-438C-9026-55D3A2288229}.Release|Any CPU.Build.0 = Release|Any CPU
		{0990604E-88AA-41AB-9988-BC06045410E6}.Debug|Any CPU.ActiveCfg = Debug|Any CPU
		{0990604E-88AA-41AB-9988-BC06045410E6}.Debug|Any CPU.Build.0 = Debug|Any CPU
		{0990604E-88AA-41AB-9988-BC06045410E6}.Release|Any CPU.ActiveCfg = Release|Any CPU
		{0990604E-88AA-41AB-9988-BC06045410E6}.Release|Any CPU.Build.0 = Release|Any CPU
		{F078333C-F339-4452-A7A5-11A8659E9816}.Debug|Any CPU.ActiveCfg = Debug|Any CPU
		{F078333C-F339-4452-A7A5-11A8659E9816}.Debug|Any CPU.Build.0 = Debug|Any CPU
		{F078333C-F339-4452-A7A5-11A8659E9816}.Release|Any CPU.ActiveCfg = Release|Any CPU
		{F078333C-F339-4452-A7A5-11A8659E9816}.Release|Any CPU.Build.0 = Release|Any CPU
	EndGlobalSection
	GlobalSection(SolutionProperties) = preSolution
		HideSolutionNode = FALSE
	EndGlobalSection
	GlobalSection(ExtensibilityGlobals) = postSolution
		SolutionGuid = {7B8343CC-B3DA-4F23-8033-C81964BA1AC4}
	EndGlobalSection
EndGlobal
