
Microsoft Visual Studio Solution File, Format Version 12.00
# Visual Studio 15
VisualStudioVersion = 15.0.27703.2035
MinimumVisualStudioVersion = 10.0.40219.1
Project("{FAE04EC0-301F-11D3-BF4B-00C04F79EFBC}") = "Design", "Design\Design.csproj", "{D14F8E98-10E1-41D3-A9C1-2880B3781E47}"
EndProject
Global
	GlobalSection(SolutionConfigurationPlatforms) = preSolution
		Debug|Any CPU = Debug|Any CPU
		Release|Any CPU = Release|Any CPU
	EndGlobalSection
	GlobalSection(ProjectConfigurationPlatforms) = postSolution
		{D14F8E98-10E1-41D3-A9C1-2880B3781E47}.Debug|Any CPU.ActiveCfg = Debug|Any CPU
		{D14F8E98-10E1-41D3-A9C1-2880B3781E47}.Debug|Any CPU.Build.0 = Debug|Any CPU
		{D14F8E98-10E1-41D3-A9C1-2880B3781E47}.Release|Any CPU.ActiveCfg = Release|Any CPU
		{D14F8E98-10E1-41D3-A9C1-2880B3781E47}.Release|Any CPU.Build.0 = Release|Any CPU
	EndGlobalSection
	GlobalSection(SolutionProperties) = preSolution
		HideSolutionNode = FALSE
	EndGlobalSection
	GlobalSection(ExtensibilityGlobals) = postSolution
		SolutionGuid = {3CEEB660-7A76-4442-8E93-250BDDEAF05D}
	EndGlobalSection
EndGlobal
