
Microsoft Visual Studio Solution File, Format Version 12.00
# Visual Studio 15
VisualStudioVersion = 15.0.26730.12
MinimumVisualStudioVersion = 10.0.40219.1
Project("{FAE04EC0-301F-11D3-BF4B-00C04F79EFBC}") = "SimpleStack", "SimpleStack\SimpleStack.csproj", "{C0CB8EBD-4CA8-493F-8A3A-A42704128306}"
EndProject
Project("{FAE04EC0-301F-11D3-BF4B-00C04F79EFBC}") = "LinkedStack", "LinkedStack\LinkedStack.csproj", "{C6E50C42-0380-4E64-97D0-09F7DF0EFAA2}"
EndProject
Project("{FAE04EC0-301F-11D3-BF4B-00C04F79EFBC}") = "CheckBalancingOfSymbols", "CheckBalancingOfSymbols\CheckBalancingOfSymbols.csproj", "{991C33A6-C064-444C-963C-C9C0536A3A3D}"
EndProject
Global
	GlobalSection(SolutionConfigurationPlatforms) = preSolution
		Debug|Any CPU = Debug|Any CPU
		Release|Any CPU = Release|Any CPU
	EndGlobalSection
	GlobalSection(ProjectConfigurationPlatforms) = postSolution
		{C0CB8EBD-4CA8-493F-8A3A-A42704128306}.Debug|Any CPU.ActiveCfg = Debug|Any CPU
		{C0CB8EBD-4CA8-493F-8A3A-A42704128306}.Debug|Any CPU.Build.0 = Debug|Any CPU
		{C0CB8EBD-4CA8-493F-8A3A-A42704128306}.Release|Any CPU.ActiveCfg = Release|Any CPU
		{C0CB8EBD-4CA8-493F-8A3A-A42704128306}.Release|Any CPU.Build.0 = Release|Any CPU
		{C6E50C42-0380-4E64-97D0-09F7DF0EFAA2}.Debug|Any CPU.ActiveCfg = Debug|Any CPU
		{C6E50C42-0380-4E64-97D0-09F7DF0EFAA2}.Debug|Any CPU.Build.0 = Debug|Any CPU
		{C6E50C42-0380-4E64-97D0-09F7DF0EFAA2}.Release|Any CPU.ActiveCfg = Release|Any CPU
		{C6E50C42-0380-4E64-97D0-09F7DF0EFAA2}.Release|Any CPU.Build.0 = Release|Any CPU
		{991C33A6-C064-444C-963C-C9C0536A3A3D}.Debug|Any CPU.ActiveCfg = Debug|Any CPU
		{991C33A6-C064-444C-963C-C9C0536A3A3D}.Debug|Any CPU.Build.0 = Debug|Any CPU
		{991C33A6-C064-444C-963C-C9C0536A3A3D}.Release|Any CPU.ActiveCfg = Release|Any CPU
		{991C33A6-C064-444C-963C-C9C0536A3A3D}.Release|Any CPU.Build.0 = Release|Any CPU
	EndGlobalSection
	GlobalSection(SolutionProperties) = preSolution
		HideSolutionNode = FALSE
	EndGlobalSection
	GlobalSection(ExtensibilityGlobals) = postSolution
		SolutionGuid = {DC966763-DD10-4F4D-A1C6-F3D240E27323}
	EndGlobalSection
EndGlobal
