
Microsoft Visual Studio Solution File, Format Version 12.00
# Visual Studio 15
VisualStudioVersion = 15.0.27703.2035
MinimumVisualStudioVersion = 10.0.40219.1
Project("{FAE04EC0-301F-11D3-BF4B-00C04F79EFBC}") = "Abbreviation", "Abbreviation\Abbreviation.csproj", "{D2BC6877-AA8B-4EE4-B435-1B0FB0A0EBD0}"
EndProject
Global
	GlobalSection(SolutionConfigurationPlatforms) = preSolution
		Debug|Any CPU = Debug|Any CPU
		Release|Any CPU = Release|Any CPU
	EndGlobalSection
	GlobalSection(ProjectConfigurationPlatforms) = postSolution
		{D2BC6877-AA8B-4EE4-B435-1B0FB0A0EBD0}.Debug|Any CPU.ActiveCfg = Debug|Any CPU
		{D2BC6877-AA8B-4EE4-B435-1B0FB0A0EBD0}.Debug|Any CPU.Build.0 = Debug|Any CPU
		{D2BC6877-AA8B-4EE4-B435-1B0FB0A0EBD0}.Release|Any CPU.ActiveCfg = Release|Any CPU
		{D2BC6877-AA8B-4EE4-B435-1B0FB0A0EBD0}.Release|Any CPU.Build.0 = Release|Any CPU
	EndGlobalSection
	GlobalSection(SolutionProperties) = preSolution
		HideSolutionNode = FALSE
	EndGlobalSection
	GlobalSection(ExtensibilityGlobals) = postSolution
		SolutionGuid = {9A44FE70-F62A-402A-9922-8A023CB43215}
	EndGlobalSection
EndGlobal
